
Microsoft Visual Studio Solution File, Format Version 12.00
# Visual Studio Version 17
VisualStudioVersion = 17.14.36623.8 d17.14
MinimumVisualStudioVersion = 10.0.40219.1
Project("{FAE04EC0-301F-11D3-BF4B-00C04F79EFBC}") = "Hotel", "Hotel\Hotel.csproj", "{09F12270-FEFD-4ECE-9BFB-9A3B982330CE}"
EndProject
Global
	GlobalSection(SolutionConfigurationPlatforms) = preSolution
		Debug|Any CPU = Debug|Any CPU
		Release|Any CPU = Release|Any CPU
	EndGlobalSection
	GlobalSection(ProjectConfigurationPlatforms) = postSolution
		{09F12270-FEFD-4ECE-9BFB-9A3B982330CE}.Debug|Any CPU.ActiveCfg = Debug|Any CPU
		{09F12270-FEFD-4ECE-9BFB-9A3B982330CE}.Debug|Any CPU.Build.0 = Debug|Any CPU
		{09F12270-FEFD-4ECE-9BFB-9A3B982330CE}.Debug|Any CPU.Deploy.0 = Debug|Any CPU
		{09F12270-FEFD-4ECE-9BFB-9A3B982330CE}.Release|Any CPU.ActiveCfg = Release|Any CPU
		{09F12270-FEFD-4ECE-9BFB-9A3B982330CE}.Release|Any CPU.Build.0 = Release|Any CPU
	EndGlobalSection
	GlobalSection(SolutionProperties) = preSolution
		HideSolutionNode = FALSE
	EndGlobalSection
	GlobalSection(ExtensibilityGlobals) = postSolution
		SolutionGuid = {3C9A36BA-BD9E-4AFE-ADB1-902EA68E5C57}
	EndGlobalSection
EndGlobal
